{
    "name": "calendar",
    "lockfileVersion": 3,
    "requires": true,
    "packages": {
        "": {
            "dependencies": {
                "@awcodes/alpine-floating-ui": "^3.6.3",
                "@event-calendar/day-grid": "^3.0.0",
                "@event-calendar/time-grid": "^3.0.0"
            },
            "devDependencies": {
                "@event-calendar/core": "^4.5.0",
                "esbuild": "^0.21.3"
            }
        },
        "node_modules/@ampproject/remapping": {
            "version": "2.3.0",
            "resolved": "https://registry.npmjs.org/@ampproject/remapping/-/remapping-2.3.0.tgz",
            "integrity": "sha512-30iZtAPgz+LTIYoeivqYo853f02jBYSd5uGnGpkFV0M3xOt9aN73erkgYAmZU43x4VfqcnLxW9Kpg3R5LC4YYw==",
            "dependencies": {
                "@jridgewell/gen-mapping": "^0.3.5",
                "@jridgewell/trace-mapping": "^0.3.24"
            },
            "engines": {
                "node": ">=6.0.0"
            }
        },
        "node_modules/@awcodes/alpine-floating-ui": {
            "version": "3.6.3",
            "resolved": "https://registry.npmjs.org/@awcodes/alpine-floating-ui/-/alpine-floating-ui-3.6.3.tgz",
            "integrity": "sha512-JmRiWPtdQOgqJxVXtPRu8yqrm4mUYKCuyH+ssoQ6HRNBcqzjgQhLRJfqmXDuQqeuQNTh4/1r9yUgBozqn2wpDw=="
        },
        "node_modules/@esbuild/aix-ppc64": {
            "version": "0.21.4",
            "resolved": "https://registry.npmjs.org/@esbuild/aix-ppc64/-/aix-ppc64-0.21.4.tgz",
            "integrity": "sha512-Zrm+B33R4LWPLjDEVnEqt2+SLTATlru1q/xYKVn8oVTbiRBGmK2VIMoIYGJDGyftnGaC788IuzGFAlb7IQ0Y8A==",
            "cpu": [
                "ppc64"
            ],
            "dev": true,
            "optional": true,
            "os": [
                "aix"
            ],
            "engines": {
                "node": ">=12"
            }
        },
        "node_modules/@esbuild/android-arm": {
            "version": "0.21.4",
            "resolved": "https://registry.npmjs.org/@esbuild/android-arm/-/android-arm-0.21.4.tgz",
            "integrity": "sha512-E7H/yTd8kGQfY4z9t3nRPk/hrhaCajfA3YSQSBrst8B+3uTcgsi8N+ZWYCaeIDsiVs6m65JPCaQN/DxBRclF3A==",
            "cpu": [
                "arm"
            ],
            "dev": true,
            "optional": true,
            "os": [
                "android"
            ],
            "engines": {
                "node": ">=12"
            }
        },
        "node_modules/@esbuild/android-arm64": {
            "version": "0.21.4",
            "resolved": "https://registry.npmjs.org/@esbuild/android-arm64/-/android-arm64-0.21.4.tgz",
            "integrity": "sha512-fYFnz+ObClJ3dNiITySBUx+oNalYUT18/AryMxfovLkYWbutXsct3Wz2ZWAcGGppp+RVVX5FiXeLYGi97umisA==",
            "cpu": [
                "arm64"
            ],
            "dev": true,
            "optional": true,
            "os": [
                "android"
            ],
            "engines": {
                "node": ">=12"
            }
        },
        "node_modules/@esbuild/android-x64": {
            "version": "0.21.4",
            "resolved": "https://registry.npmjs.org/@esbuild/android-x64/-/android-x64-0.21.4.tgz",
            "integrity": "sha512-mDqmlge3hFbEPbCWxp4fM6hqq7aZfLEHZAKGP9viq9wMUBVQx202aDIfc3l+d2cKhUJM741VrCXEzRFhPDKH3Q==",
            "cpu": [
                "x64"
            ],
            "dev": true,
            "optional": true,
            "os": [
                "android"
            ],
            "engines": {
                "node": ">=12"
            }
        },
        "node_modules/@esbuild/darwin-arm64": {
            "version": "0.21.4",
            "resolved": "https://registry.npmjs.org/@esbuild/darwin-arm64/-/darwin-arm64-0.21.4.tgz",
            "integrity": "sha512-72eaIrDZDSiWqpmCzVaBD58c8ea8cw/U0fq/PPOTqE3c53D0xVMRt2ooIABZ6/wj99Y+h4ksT/+I+srCDLU9TA==",
            "cpu": [
                "arm64"
            ],
            "dev": true,
            "optional": true,
            "os": [
                "darwin"
            ],
            "engines": {
                "node": ">=12"
            }
        },
        "node_modules/@esbuild/darwin-x64": {
            "version": "0.21.4",
            "resolved": "https://registry.npmjs.org/@esbuild/darwin-x64/-/darwin-x64-0.21.4.tgz",
            "integrity": "sha512-uBsuwRMehGmw1JC7Vecu/upOjTsMhgahmDkWhGLWxIgUn2x/Y4tIwUZngsmVb6XyPSTXJYS4YiASKPcm9Zitag==",
            "cpu": [
                "x64"
            ],
            "dev": true,
            "optional": true,
            "os": [
                "darwin"
            ],
            "engines": {
                "node": ">=12"
            }
        },
        "node_modules/@esbuild/freebsd-arm64": {
            "version": "0.21.4",
            "resolved": "https://registry.npmjs.org/@esbuild/freebsd-arm64/-/freebsd-arm64-0.21.4.tgz",
            "integrity": "sha512-8JfuSC6YMSAEIZIWNL3GtdUT5NhUA/CMUCpZdDRolUXNAXEE/Vbpe6qlGLpfThtY5NwXq8Hi4nJy4YfPh+TwAg==",
            "cpu": [
                "arm64"
            ],
            "dev": true,
            "optional": true,
            "os": [
                "freebsd"
            ],
            "engines": {
                "node": ">=12"
            }
        },
        "node_modules/@esbuild/freebsd-x64": {
            "version": "0.21.4",
            "resolved": "https://registry.npmjs.org/@esbuild/freebsd-x64/-/freebsd-x64-0.21.4.tgz",
            "integrity": "sha512-8d9y9eQhxv4ef7JmXny7591P/PYsDFc4+STaxC1GBv0tMyCdyWfXu2jBuqRsyhY8uL2HU8uPyscgE2KxCY9imQ==",
            "cpu": [
                "x64"
            ],
            "dev": true,
            "optional": true,
            "os": [
                "freebsd"
            ],
            "engines": {
                "node": ">=12"
            }
        },
        "node_modules/@esbuild/linux-arm": {
            "version": "0.21.4",
            "resolved": "https://registry.npmjs.org/@esbuild/linux-arm/-/linux-arm-0.21.4.tgz",
            "integrity": "sha512-2rqFFefpYmpMs+FWjkzSgXg5vViocqpq5a1PSRgT0AvSgxoXmGF17qfGAzKedg6wAwyM7UltrKVo9kxaJLMF/g==",
            "cpu": [
                "arm"
            ],
            "dev": true,
            "optional": true,
            "os": [
                "linux"
            ],
            "engines": {
                "node": ">=12"
            }
        },
        "node_modules/@esbuild/linux-arm64": {
            "version": "0.21.4",
            "resolved": "https://registry.npmjs.org/@esbuild/linux-arm64/-/linux-arm64-0.21.4.tgz",
            "integrity": "sha512-/GLD2orjNU50v9PcxNpYZi+y8dJ7e7/LhQukN3S4jNDXCKkyyiyAz9zDw3siZ7Eh1tRcnCHAo/WcqKMzmi4eMQ==",
            "cpu": [
                "arm64"
            ],
            "dev": true,
            "optional": true,
            "os": [
                "linux"
            ],
            "engines": {
                "node": ">=12"
            }
        },
        "node_modules/@esbuild/linux-ia32": {
            "version": "0.21.4",
            "resolved": "https://registry.npmjs.org/@esbuild/linux-ia32/-/linux-ia32-0.21.4.tgz",
            "integrity": "sha512-pNftBl7m/tFG3t2m/tSjuYeWIffzwAZT9m08+9DPLizxVOsUl8DdFzn9HvJrTQwe3wvJnwTdl92AonY36w/25g==",
            "cpu": [
                "ia32"
            ],
            "dev": true,
            "optional": true,
            "os": [
                "linux"
            ],
            "engines": {
                "node": ">=12"
            }
        },
        "node_modules/@esbuild/linux-loong64": {
            "version": "0.21.4",
            "resolved": "https://registry.npmjs.org/@esbuild/linux-loong64/-/linux-loong64-0.21.4.tgz",
            "integrity": "sha512-cSD2gzCK5LuVX+hszzXQzlWya6c7hilO71L9h4KHwqI4qeqZ57bAtkgcC2YioXjsbfAv4lPn3qe3b00Zt+jIfQ==",
            "cpu": [
                "loong64"
            ],
            "dev": true,
            "optional": true,
            "os": [
                "linux"
            ],
            "engines": {
                "node": ">=12"
            }
        },
        "node_modules/@esbuild/linux-mips64el": {
            "version": "0.21.4",
            "resolved": "https://registry.npmjs.org/@esbuild/linux-mips64el/-/linux-mips64el-0.21.4.tgz",
            "integrity": "sha512-qtzAd3BJh7UdbiXCrg6npWLYU0YpufsV9XlufKhMhYMJGJCdfX/G6+PNd0+v877X1JG5VmjBLUiFB0o8EUSicA==",
            "cpu": [
                "mips64el"
            ],
            "dev": true,
            "optional": true,
            "os": [
                "linux"
            ],
            "engines": {
                "node": ">=12"
            }
        },
        "node_modules/@esbuild/linux-ppc64": {
            "version": "0.21.4",
            "resolved": "https://registry.npmjs.org/@esbuild/linux-ppc64/-/linux-ppc64-0.21.4.tgz",
            "integrity": "sha512-yB8AYzOTaL0D5+2a4xEy7OVvbcypvDR05MsB/VVPVA7nL4hc5w5Dyd/ddnayStDgJE59fAgNEOdLhBxjfx5+dg==",
            "cpu": [
                "ppc64"
            ],
            "dev": true,
            "optional": true,
            "os": [
                "linux"
            ],
            "engines": {
                "node": ">=12"
            }
        },
        "node_modules/@esbuild/linux-riscv64": {
            "version": "0.21.4",
            "resolved": "https://registry.npmjs.org/@esbuild/linux-riscv64/-/linux-riscv64-0.21.4.tgz",
            "integrity": "sha512-Y5AgOuVzPjQdgU59ramLoqSSiXddu7F3F+LI5hYy/d1UHN7K5oLzYBDZe23QmQJ9PIVUXwOdKJ/jZahPdxzm9w==",
            "cpu": [
                "riscv64"
            ],
            "dev": true,
            "optional": true,
            "os": [
                "linux"
            ],
            "engines": {
                "node": ">=12"
            }
        },
        "node_modules/@esbuild/linux-s390x": {
            "version": "0.21.4",
            "resolved": "https://registry.npmjs.org/@esbuild/linux-s390x/-/linux-s390x-0.21.4.tgz",
            "integrity": "sha512-Iqc/l/FFwtt8FoTK9riYv9zQNms7B8u+vAI/rxKuN10HgQIXaPzKZc479lZ0x6+vKVQbu55GdpYpeNWzjOhgbA==",
            "cpu": [
                "s390x"
            ],
            "dev": true,
            "optional": true,
            "os": [
                "linux"
            ],
            "engines": {
                "node": ">=12"
            }
        },
        "node_modules/@esbuild/linux-x64": {
            "version": "0.21.4",
            "resolved": "https://registry.npmjs.org/@esbuild/linux-x64/-/linux-x64-0.21.4.tgz",
            "integrity": "sha512-Td9jv782UMAFsuLZINfUpoF5mZIbAj+jv1YVtE58rFtfvoKRiKSkRGQfHTgKamLVT/fO7203bHa3wU122V/Bdg==",
            "cpu": [
                "x64"
            ],
            "dev": true,
            "optional": true,
            "os": [
                "linux"
            ],
            "engines": {
                "node": ">=12"
            }
        },
        "node_modules/@esbuild/netbsd-x64": {
            "version": "0.21.4",
            "resolved": "https://registry.npmjs.org/@esbuild/netbsd-x64/-/netbsd-x64-0.21.4.tgz",
            "integrity": "sha512-Awn38oSXxsPMQxaV0Ipb7W/gxZtk5Tx3+W+rAPdZkyEhQ6968r9NvtkjhnhbEgWXYbgV+JEONJ6PcdBS+nlcpA==",
            "cpu": [
                "x64"
            ],
            "dev": true,
            "optional": true,
            "os": [
                "netbsd"
            ],
            "engines": {
                "node": ">=12"
            }
        },
        "node_modules/@esbuild/openbsd-x64": {
            "version": "0.21.4",
            "resolved": "https://registry.npmjs.org/@esbuild/openbsd-x64/-/openbsd-x64-0.21.4.tgz",
            "integrity": "sha512-IsUmQeCY0aU374R82fxIPu6vkOybWIMc3hVGZ3ChRwL9hA1TwY+tS0lgFWV5+F1+1ssuvvXt3HFqe8roCip8Hg==",
            "cpu": [
                "x64"
            ],
            "dev": true,
            "optional": true,
            "os": [
                "openbsd"
            ],
            "engines": {
                "node": ">=12"
            }
        },
        "node_modules/@esbuild/sunos-x64": {
            "version": "0.21.4",
            "resolved": "https://registry.npmjs.org/@esbuild/sunos-x64/-/sunos-x64-0.21.4.tgz",
            "integrity": "sha512-hsKhgZ4teLUaDA6FG/QIu2q0rI6I36tZVfM4DBZv3BG0mkMIdEnMbhc4xwLvLJSS22uWmaVkFkqWgIS0gPIm+A==",
            "cpu": [
                "x64"
            ],
            "dev": true,
            "optional": true,
            "os": [
                "sunos"
            ],
            "engines": {
                "node": ">=12"
            }
        },
        "node_modules/@esbuild/win32-arm64": {
            "version": "0.21.4",
            "resolved": "https://registry.npmjs.org/@esbuild/win32-arm64/-/win32-arm64-0.21.4.tgz",
            "integrity": "sha512-UUfMgMoXPoA/bvGUNfUBFLCh0gt9dxZYIx9W4rfJr7+hKe5jxxHmfOK8YSH4qsHLLN4Ck8JZ+v7Q5fIm1huErg==",
            "cpu": [
                "arm64"
            ],
            "dev": true,
            "optional": true,
            "os": [
                "win32"
            ],
            "engines": {
                "node": ">=12"
            }
        },
        "node_modules/@esbuild/win32-ia32": {
            "version": "0.21.4",
            "resolved": "https://registry.npmjs.org/@esbuild/win32-ia32/-/win32-ia32-0.21.4.tgz",
            "integrity": "sha512-yIxbspZb5kGCAHWm8dexALQ9en1IYDfErzjSEq1KzXFniHv019VT3mNtTK7t8qdy4TwT6QYHI9sEZabONHg+aw==",
            "cpu": [
                "ia32"
            ],
            "dev": true,
            "optional": true,
            "os": [
                "win32"
            ],
            "engines": {
                "node": ">=12"
            }
        },
        "node_modules/@esbuild/win32-x64": {
            "version": "0.21.4",
            "resolved": "https://registry.npmjs.org/@esbuild/win32-x64/-/win32-x64-0.21.4.tgz",
            "integrity": "sha512-sywLRD3UK/qRJt0oBwdpYLBibk7KiRfbswmWRDabuncQYSlf8aLEEUor/oP6KRz8KEG+HoiVLBhPRD5JWjS8Sg==",
            "cpu": [
                "x64"
            ],
            "dev": true,
            "optional": true,
            "os": [
                "win32"
            ],
            "engines": {
                "node": ">=12"
            }
        },
        "node_modules/@event-calendar/core": {
            "version": "4.5.0",
            "resolved": "https://registry.npmjs.org/@event-calendar/core/-/core-4.5.0.tgz",
            "integrity": "sha512-H7z3MCmXJP7Gdzdf9cxA3rR9ANw15y8cD041twStNQ3S7PniqcH+qygvZOHp45vTxNj2HA9vOUR4Reno8AK89Q==",
            "dev": true,
            "license": "MIT",
            "dependencies": {
                "svelte": "^5.34.8"
            }
        },
        "node_modules/@event-calendar/core/node_modules/svelte": {
            "version": "5.38.0",
            "resolved": "https://registry.npmjs.org/svelte/-/svelte-5.38.0.tgz",
            "integrity": "sha512-cWF1Oc2IM/QbktdK89u5lt9MdKxRtQnRKnf2tq6KOhYuhLOd2hbMuTiJ+vWMzAeMDe81AzbCgLd4GVtOJ4fDRg==",
            "dev": true,
            "license": "MIT",
            "dependencies": {
                "@ampproject/remapping": "^2.3.0",
                "@jridgewell/sourcemap-codec": "^1.5.0",
                "@sveltejs/acorn-typescript": "^1.0.5",
                "@types/estree": "^1.0.5",
                "acorn": "^8.12.1",
                "aria-query": "^5.3.1",
                "axobject-query": "^4.1.0",
                "clsx": "^2.1.1",
                "esm-env": "^1.2.1",
                "esrap": "^2.1.0",
                "is-reference": "^3.0.3",
                "locate-character": "^3.0.0",
                "magic-string": "^0.30.11",
                "zimmerframe": "^1.1.2"
            },
            "engines": {
                "node": ">=18"
            }
        },
        "node_modules/@event-calendar/day-grid": {
            "version": "3.0.1",
            "resolved": "https://registry.npmjs.org/@event-calendar/day-grid/-/day-grid-3.0.1.tgz",
            "integrity": "sha512-ETwTtYFp0C7xF6bFwUk/3erisuv8FbrEK+sUsM7rNgWCn2PLA5GeOCkn+KO3qcj7zICNWdZRczX1ERwitLP20w==",
            "dependencies": {
                "@event-calendar/core": "~3.0.1",
                "svelte": "^4.2.16"
            }
        },
        "node_modules/@event-calendar/day-grid/node_modules/@event-calendar/core": {
            "version": "3.0.2",
            "resolved": "https://registry.npmjs.org/@event-calendar/core/-/core-3.0.2.tgz",
            "integrity": "sha512-EXwKFPSZk3uSecpsewRCZxPJ5ECjjD57WY9jS7rVwWpkwKbpn3DEvz+Gczs3BM82IR1OBlRj5qcPRrz7Ny6+DQ==",
            "license": "MIT",
            "dependencies": {
                "svelte": "^4.2.16"
            }
        },
        "node_modules/@event-calendar/time-grid": {
            "version": "3.0.1",
            "resolved": "https://registry.npmjs.org/@event-calendar/time-grid/-/time-grid-3.0.1.tgz",
            "integrity": "sha512-nePCLnuNbA6rIxJ0Pe47wwLS9xDZgWTOO/N5RDIQwDWjrsspijf+pz5GQ9mQFi8V3X/6bBxQiWeB7sMtvOa4qw==",
            "dependencies": {
                "@event-calendar/core": "~3.0.1",
                "svelte": "^4.2.16"
            }
        },
        "node_modules/@event-calendar/time-grid/node_modules/@event-calendar/core": {
            "version": "3.0.2",
            "resolved": "https://registry.npmjs.org/@event-calendar/core/-/core-3.0.2.tgz",
            "integrity": "sha512-EXwKFPSZk3uSecpsewRCZxPJ5ECjjD57WY9jS7rVwWpkwKbpn3DEvz+Gczs3BM82IR1OBlRj5qcPRrz7Ny6+DQ==",
            "license": "MIT",
            "dependencies": {
                "svelte": "^4.2.16"
            }
        },
        "node_modules/@jridgewell/gen-mapping": {
            "version": "0.3.5",
            "resolved": "https://registry.npmjs.org/@jridgewell/gen-mapping/-/gen-mapping-0.3.5.tgz",
            "integrity": "sha512-IzL8ZoEDIBRWEzlCcRhOaCupYyN5gdIK+Q6fbFdPDg6HqX6jpkItn7DFIpW9LQzXG6Df9sA7+OKnq0qlz/GaQg==",
            "dependencies": {
                "@jridgewell/set-array": "^1.2.1",
                "@jridgewell/sourcemap-codec": "^1.4.10",
                "@jridgewell/trace-mapping": "^0.3.24"
            },
            "engines": {
                "node": ">=6.0.0"
            }
        },
        "node_modules/@jridgewell/resolve-uri": {
            "version": "3.1.2",
            "resolved": "https://registry.npmjs.org/@jridgewell/resolve-uri/-/resolve-uri-3.1.2.tgz",
            "integrity": "sha512-bRISgCIjP20/tbWSPWMEi54QVPRZExkuD9lJL+UIxUKtwVJA8wW1Trb1jMs1RFXo1CBTNZ/5hpC9QvmKWdopKw==",
            "engines": {
                "node": ">=6.0.0"
            }
        },
        "node_modules/@jridgewell/set-array": {
            "version": "1.2.1",
            "resolved": "https://registry.npmjs.org/@jridgewell/set-array/-/set-array-1.2.1.tgz",
            "integrity": "sha512-R8gLRTZeyp03ymzP/6Lil/28tGeGEzhx1q2k703KGWRAI1VdvPIXdG70VJc2pAMw3NA6JKL5hhFu1sJX0Mnn/A==",
            "engines": {
                "node": ">=6.0.0"
            }
        },
        "node_modules/@jridgewell/sourcemap-codec": {
            "version": "1.5.4",
            "resolved": "https://registry.npmjs.org/@jridgewell/sourcemap-codec/-/sourcemap-codec-1.5.4.tgz",
            "integrity": "sha512-VT2+G1VQs/9oz078bLrYbecdZKs912zQlkelYpuf+SXF+QvZDYJlbx/LSx+meSAwdDFnF8FVXW92AVjjkVmgFw==",
            "license": "MIT"
        },
        "node_modules/@jridgewell/trace-mapping": {
            "version": "0.3.25",
            "resolved": "https://registry.npmjs.org/@jridgewell/trace-mapping/-/trace-mapping-0.3.25.tgz",
            "integrity": "sha512-vNk6aEwybGtawWmy/PzwnGDOjCkLWSD2wqvjGGAgOAwCGWySYXfYoxt00IJkTF+8Lb57DwOb3Aa0o9CApepiYQ==",
            "dependencies": {
                "@jridgewell/resolve-uri": "^3.1.0",
                "@jridgewell/sourcemap-codec": "^1.4.14"
            }
        },
        "node_modules/@sveltejs/acorn-typescript": {
            "version": "1.0.5",
            "resolved": "https://registry.npmjs.org/@sveltejs/acorn-typescript/-/acorn-typescript-1.0.5.tgz",
            "integrity": "sha512-IwQk4yfwLdibDlrXVE04jTZYlLnwsTT2PIOQQGNLWfjavGifnk1JD1LcZjZaBTRcxZu2FfPfNLOE04DSu9lqtQ==",
            "dev": true,
            "license": "MIT",
            "peerDependencies": {
                "acorn": "^8.9.0"
            }
        },
        "node_modules/@types/estree": {
            "version": "1.0.8",
            "resolved": "https://registry.npmjs.org/@types/estree/-/estree-1.0.8.tgz",
            "integrity": "sha512-dWHzHa2WqEXI/O1E9OjrocMTKJl2mSrEolh1Iomrv6U+JuNwaHXsXx9bLu5gG7BUWFIN0skIQJQ/L1rIex4X6w==",
            "license": "MIT"
        },
        "node_modules/acorn": {
            "version": "8.15.0",
            "resolved": "https://registry.npmjs.org/acorn/-/acorn-8.15.0.tgz",
            "integrity": "sha512-NZyJarBfL7nWwIq+FDL6Zp/yHEhePMNnnJ0y3qfieCrmNvYct8uvtiV41UvlSe6apAfk0fY1FbWx+NwfmpvtTg==",
            "license": "MIT",
            "bin": {
                "acorn": "bin/acorn"
            },
            "engines": {
                "node": ">=0.4.0"
            }
        },
        "node_modules/aria-query": {
            "version": "5.3.2",
            "resolved": "https://registry.npmjs.org/aria-query/-/aria-query-5.3.2.tgz",
            "integrity": "sha512-COROpnaoap1E2F000S62r6A60uHZnmlvomhfyT2DlTcrY1OrBKn2UhH7qn5wTC9zMvD0AY7csdPSNwKP+7WiQw==",
            "license": "Apache-2.0",
            "engines": {
                "node": ">= 0.4"
            }
        },
        "node_modules/axobject-query": {
            "version": "4.1.0",
            "resolved": "https://registry.npmjs.org/axobject-query/-/axobject-query-4.1.0.tgz",
            "integrity": "sha512-qIj0G9wZbMGNLjLmg1PT6v2mE9AH2zlnADJD/2tC6E00hgmhUOfEB6greHPAfLRSufHqROIUTkw6E+M3lH0PTQ==",
            "license": "Apache-2.0",
            "engines": {
                "node": ">= 0.4"
            }
        },
        "node_modules/clsx": {
            "version": "2.1.1",
            "resolved": "https://registry.npmjs.org/clsx/-/clsx-2.1.1.tgz",
            "integrity": "sha512-eYm0QWBtUrBWZWG0d386OGAw16Z995PiOVo2B7bjWSbHedGl5e0ZWaq65kOGgUSNesEIDkB9ISbTg/JK9dhCZA==",
            "dev": true,
            "license": "MIT",
            "engines": {
                "node": ">=6"
            }
        },
        "node_modules/code-red": {
            "version": "1.0.4",
            "resolved": "https://registry.npmjs.org/code-red/-/code-red-1.0.4.tgz",
            "integrity": "sha512-7qJWqItLA8/VPVlKJlFXU+NBlo/qyfs39aJcuMT/2ere32ZqvF5OSxgdM5xOfJJ7O429gg2HM47y8v9P+9wrNw==",
            "dependencies": {
                "@jridgewell/sourcemap-codec": "^1.4.15",
                "@types/estree": "^1.0.1",
                "acorn": "^8.10.0",
                "estree-walker": "^3.0.3",
                "periscopic": "^3.1.0"
            }
        },
        "node_modules/css-tree": {
            "version": "2.3.1",
            "resolved": "https://registry.npmjs.org/css-tree/-/css-tree-2.3.1.tgz",
            "integrity": "sha512-6Fv1DV/TYw//QF5IzQdqsNDjx/wc8TrMBZsqjL9eW01tWb7R7k/mq+/VXfJCl7SoD5emsJop9cOByJZfs8hYIw==",
            "dependencies": {
                "mdn-data": "2.0.30",
                "source-map-js": "^1.0.1"
            },
            "engines": {
                "node": "^10 || ^12.20.0 || ^14.13.0 || >=15.0.0"
            }
        },
        "node_modules/esbuild": {
            "version": "0.21.4",
            "resolved": "https://registry.npmjs.org/esbuild/-/esbuild-0.21.4.tgz",
            "integrity": "sha512-sFMcNNrj+Q0ZDolrp5pDhH0nRPN9hLIM3fRPwgbLYJeSHHgnXSnbV3xYgSVuOeLWH9c73VwmEverVzupIv5xuA==",
            "dev": true,
            "hasInstallScript": true,
            "bin": {
                "esbuild": "bin/esbuild"
            },
            "engines": {
                "node": ">=12"
            },
            "optionalDependencies": {
                "@esbuild/aix-ppc64": "0.21.4",
                "@esbuild/android-arm": "0.21.4",
                "@esbuild/android-arm64": "0.21.4",
                "@esbuild/android-x64": "0.21.4",
                "@esbuild/darwin-arm64": "0.21.4",
                "@esbuild/darwin-x64": "0.21.4",
                "@esbuild/freebsd-arm64": "0.21.4",
                "@esbuild/freebsd-x64": "0.21.4",
                "@esbuild/linux-arm": "0.21.4",
                "@esbuild/linux-arm64": "0.21.4",
                "@esbuild/linux-ia32": "0.21.4",
                "@esbuild/linux-loong64": "0.21.4",
                "@esbuild/linux-mips64el": "0.21.4",
                "@esbuild/linux-ppc64": "0.21.4",
                "@esbuild/linux-riscv64": "0.21.4",
                "@esbuild/linux-s390x": "0.21.4",
                "@esbuild/linux-x64": "0.21.4",
                "@esbuild/netbsd-x64": "0.21.4",
                "@esbuild/openbsd-x64": "0.21.4",
                "@esbuild/sunos-x64": "0.21.4",
                "@esbuild/win32-arm64": "0.21.4",
                "@esbuild/win32-ia32": "0.21.4",
                "@esbuild/win32-x64": "0.21.4"
            }
        },
        "node_modules/esm-env": {
            "version": "1.2.2",
            "resolved": "https://registry.npmjs.org/esm-env/-/esm-env-1.2.2.tgz",
            "integrity": "sha512-Epxrv+Nr/CaL4ZcFGPJIYLWFom+YeV1DqMLHJoEd9SYRxNbaFruBwfEX/kkHUJf55j2+TUbmDcmuilbP1TmXHA==",
            "dev": true,
            "license": "MIT"
        },
        "node_modules/esrap": {
            "version": "2.1.0",
            "resolved": "https://registry.npmjs.org/esrap/-/esrap-2.1.0.tgz",
            "integrity": "sha512-yzmPNpl7TBbMRC5Lj2JlJZNPml0tzqoqP5B1JXycNUwtqma9AKCO0M2wHrdgsHcy1WRW7S9rJknAMtByg3usgA==",
            "dev": true,
            "license": "MIT",
            "dependencies": {
                "@jridgewell/sourcemap-codec": "^1.4.15"
            }
        },
        "node_modules/estree-walker": {
            "version": "3.0.3",
            "resolved": "https://registry.npmjs.org/estree-walker/-/estree-walker-3.0.3.tgz",
            "integrity": "sha512-7RUKfXgSMMkzt6ZuXmqapOurLGPPfgj6l9uRZ7lRGolvk0y2yocc35LdcxKC5PQZdn2DMqioAQ2NoWcrTKmm6g==",
            "dependencies": {
                "@types/estree": "^1.0.0"
            }
        },
        "node_modules/is-reference": {
            "version": "3.0.3",
            "resolved": "https://registry.npmjs.org/is-reference/-/is-reference-3.0.3.tgz",
            "integrity": "sha512-ixkJoqQvAP88E6wLydLGGqCJsrFUnqoH6HnaczB8XmDH1oaWU+xxdptvikTgaEhtZ53Ky6YXiBuUI2WXLMCwjw==",
            "license": "MIT",
            "dependencies": {
                "@types/estree": "^1.0.6"
            }
        },
        "node_modules/locate-character": {
            "version": "3.0.0",
            "resolved": "https://registry.npmjs.org/locate-character/-/locate-character-3.0.0.tgz",
            "integrity": "sha512-SW13ws7BjaeJ6p7Q6CO2nchbYEc3X3J6WrmTTDto7yMPqVSZTUyY5Tjbid+Ab8gLnATtygYtiDIJGQRRn2ZOiA=="
        },
        "node_modules/magic-string": {
            "version": "0.30.17",
            "resolved": "https://registry.npmjs.org/magic-string/-/magic-string-0.30.17.tgz",
            "integrity": "sha512-sNPKHvyjVf7gyjwS4xGTaW/mCnF8wnjtifKBEhxfZ7E/S8tQ0rssrwGNn6q8JH/ohItJfSQp9mBtQYuTlH5QnA==",
            "license": "MIT",
            "dependencies": {
                "@jridgewell/sourcemap-codec": "^1.5.0"
            }
        },
        "node_modules/mdn-data": {
            "version": "2.0.30",
            "resolved": "https://registry.npmjs.org/mdn-data/-/mdn-data-2.0.30.tgz",
            "integrity": "sha512-GaqWWShW4kv/G9IEucWScBx9G1/vsFZZJUO+tD26M8J8z3Kw5RDQjaoZe03YAClgeS/SWPOcb4nkFBTEi5DUEA=="
        },
        "node_modules/periscopic": {
            "version": "3.1.0",
            "resolved": "https://registry.npmjs.org/periscopic/-/periscopic-3.1.0.tgz",
            "integrity": "sha512-vKiQ8RRtkl9P+r/+oefh25C3fhybptkHKCZSPlcXiJux2tJF55GnEj3BVn4A5gKfq9NWWXXrxkHBwVPUfH0opw==",
            "dependencies": {
                "@types/estree": "^1.0.0",
                "estree-walker": "^3.0.0",
                "is-reference": "^3.0.0"
            }
        },
        "node_modules/source-map-js": {
            "version": "1.2.0",
            "resolved": "https://registry.npmjs.org/source-map-js/-/source-map-js-1.2.0.tgz",
            "integrity": "sha512-itJW8lvSA0TXEphiRoawsCksnlf8SyvmFzIhltqAHluXd88pkCd+cXJVHTDwdCr0IzwptSm035IHQktUu1QUMg==",
            "engines": {
                "node": ">=0.10.0"
            }
        },
        "node_modules/svelte": {
            "version": "4.2.17",
            "resolved": "https://registry.npmjs.org/svelte/-/svelte-4.2.17.tgz",
            "integrity": "sha512-N7m1YnoXtRf5wya5Gyx3TWuTddI4nAyayyIWFojiWV5IayDYNV5i2mRp/7qNGol4DtxEYxljmrbgp1HM6hUbmQ==",
            "dependencies": {
                "@ampproject/remapping": "^2.2.1",
                "@jridgewell/sourcemap-codec": "^1.4.15",
                "@jridgewell/trace-mapping": "^0.3.18",
                "@types/estree": "^1.0.1",
                "acorn": "^8.9.0",
                "aria-query": "^5.3.0",
                "axobject-query": "^4.0.0",
                "code-red": "^1.0.3",
                "css-tree": "^2.3.1",
                "estree-walker": "^3.0.3",
                "is-reference": "^3.0.1",
                "locate-character": "^3.0.0",
                "magic-string": "^0.30.4",
                "periscopic": "^3.1.0"
            },
            "engines": {
                "node": ">=16"
            }
        },
        "node_modules/zimmerframe": {
            "version": "1.1.2",
            "resolved": "https://registry.npmjs.org/zimmerframe/-/zimmerframe-1.1.2.tgz",
            "integrity": "sha512-rAbqEGa8ovJy4pyBxZM70hg4pE6gDgaQ0Sl9M3enG3I0d6H4XSAM3GeNGLKnsBpuijUow064sf7ww1nutC5/3w==",
            "dev": true,
            "license": "MIT"
        }
    }
}
